
Microsoft Visual Studio Solution File, Format Version 11.00
# Visual Studio 2010
Project("{FAE04EC0-301F-11D3-BF4B-00C04F79EFBC}") = "VROverlay", "Assembly-CSharp.csproj", "{5887209B-529D-FD17-951D-E08088C67252}"
EndProject
Project("{FAE04EC0-301F-11D3-BF4B-00C04F79EFBC}") = "VROverlay", "Assembly-CSharp-Editor.csproj", "{43B5C71B-29E8-1E03-FF96-7484488A795A}"
EndProject
Global
	GlobalSection(SolutionConfigurationPlatforms) = preSolution
		Debug|Any CPU = Debug|Any CPU
		Release|Any CPU = Release|Any CPU
	EndGlobalSection
	GlobalSection(ProjectConfigurationPlatforms) = postSolution
		{5887209B-529D-FD17-951D-E08088C67252}.Debug|Any CPU.ActiveCfg = Debug|Any CPU
		{5887209B-529D-FD17-951D-E08088C67252}.Debug|Any CPU.Build.0 = Debug|Any CPU
		{5887209B-529D-FD17-951D-E08088C67252}.Release|Any CPU.ActiveCfg = Release|Any CPU
		{5887209B-529D-FD17-951D-E08088C67252}.Release|Any CPU.Build.0 = Release|Any CPU
		{43B5C71B-29E8-1E03-FF96-7484488A795A}.Debug|Any CPU.ActiveCfg = Debug|Any CPU
		{43B5C71B-29E8-1E03-FF96-7484488A795A}.Debug|Any CPU.Build.0 = Debug|Any CPU
		{43B5C71B-29E8-1E03-FF96-7484488A795A}.Release|Any CPU.ActiveCfg = Release|Any CPU
		{43B5C71B-29E8-1E03-FF96-7484488A795A}.Release|Any CPU.Build.0 = Release|Any CPU
	EndGlobalSection
	GlobalSection(SolutionProperties) = preSolution
		HideSolutionNode = FALSE
	EndGlobalSection
	GlobalSection(MonoDevelopProperties) = preSolution
		StartupItem = Assembly-CSharp.csproj
	EndGlobalSection
EndGlobal
